# THIS IS AN AUTOGENERATED FILE. DO NOT EDIT THIS FILE DIRECTLY.
# yarn lockfile v1


JSONStream@~1.0.6:
  version "1.0.7"
  resolved "https://registry.yarnpkg.com/JSONStream/-/JSONStream-1.0.7.tgz#700c8e4711fef1ce421f650bead55235bb21d7de"
  dependencies:
    jsonparse "^1.1.0"
    through ">=2.2.7 <3"

accepts@~1.3.4:
  version "1.3.4"
  resolved "https://registry.yarnpkg.com/accepts/-/accepts-1.3.4.tgz#86246758c7dd6d21a6474ff084a4740ec05eb21f"
  dependencies:
    mime-types "~2.1.16"
    negotiator "0.6.1"

ajv@^4.9.1:
  version "4.11.8"
  resolved "https://registry.yarnpkg.com/ajv/-/ajv-4.11.8.tgz#82ffb02b29e662ae53bdc20af15947706739c536"
  dependencies:
    co "^4.6.0"
    json-stable-stringify "^1.0.1"

ajv@^5.1.0:
  version "5.2.3"
  resolved "https://registry.yarnpkg.com/ajv/-/ajv-5.2.3.tgz#c06f598778c44c6b161abafe3466b81ad1814ed2"
  dependencies:
    co "^4.6.0"
    fast-deep-equal "^1.0.0"
    json-schema-traverse "^0.3.0"
    json-stable-stringify "^1.0.1"

ansi-regex@^0.2.0, ansi-regex@^0.2.1:
  version "0.2.1"
  resolved "https://registry.yarnpkg.com/ansi-regex/-/ansi-regex-0.2.1.tgz#0d8e946967a3d8143f93e24e298525fc1b2235f9"

ansi-styles@^1.1.0:
  version "1.1.0"
  resolved "https://registry.yarnpkg.com/ansi-styles/-/ansi-styles-1.1.0.tgz#eaecbf66cd706882760b2f4691582b8f55d7a7de"

array-flatten@1.1.1:
  version "1.1.1"
  resolved "https://registry.yarnpkg.com/array-flatten/-/array-flatten-1.1.1.tgz#9a5f699051b1e7073328f2a008968b64ea2955d2"

asap@~2.0.3:
  version "2.0.6"
  resolved "https://registry.yarnpkg.com/asap/-/asap-2.0.6.tgz#e50347611d7e690943208bbdafebcbc2fb866d46"

asn1@~0.2.3:
  version "0.2.3"
  resolved "https://registry.yarnpkg.com/asn1/-/asn1-0.2.3.tgz#dac8787713c9966849fc8180777ebe9c1ddf3b86"

assert-plus@1.0.0, assert-plus@^1.0.0:
  version "1.0.0"
  resolved "https://registry.yarnpkg.com/assert-plus/-/assert-plus-1.0.0.tgz#f12e0f3c5d77b0b1cdd9146942e4e96c1e4dd525"

assert-plus@^0.2.0:
  version "0.2.0"
  resolved "https://registry.yarnpkg.com/assert-plus/-/assert-plus-0.2.0.tgz#d74e1b87e7affc0db8aadb7021f3fe48101ab234"

async@^2.5.0:
  version "2.5.0"
  resolved "https://registry.yarnpkg.com/async/-/async-2.5.0.tgz#843190fd6b7357a0b9e1c956edddd5ec8462b54d"
  dependencies:
    lodash "^4.14.0"

asynckit@^0.4.0:
  version "0.4.0"
  resolved "https://registry.yarnpkg.com/asynckit/-/asynckit-0.4.0.tgz#c79ed97f7f34cb8f2ba1bc9790bcc366474b4b79"

attempt-x@^1.1.0, attempt-x@^1.1.1:
  version "1.1.1"
  resolved "https://registry.yarnpkg.com/attempt-x/-/attempt-x-1.1.1.tgz#fba64e96ce03c3e0bd92c92622061c4df387cb76"

aws-sign2@~0.6.0:
  version "0.6.0"
  resolved "https://registry.yarnpkg.com/aws-sign2/-/aws-sign2-0.6.0.tgz#14342dd38dbcc94d0e5b87d763cd63612c0e794f"

aws-sign2@~0.7.0:
  version "0.7.0"
  resolved "https://registry.yarnpkg.com/aws-sign2/-/aws-sign2-0.7.0.tgz#b46e890934a9591f2d2f6f86d7e6a9f1b3fe76a8"

aws4@^1.2.1, aws4@^1.6.0:
  version "1.6.0"
  resolved "https://registry.yarnpkg.com/aws4/-/aws4-1.6.0.tgz#83ef5ca860b2b32e4a0deedee8c771b9db57471e"

batch-processor@^1.0.0:
  version "1.0.0"
  resolved "https://registry.yarnpkg.com/batch-processor/-/batch-processor-1.0.0.tgz#75c95c32b748e0850d10c2b168f6bdbe9891ace8"

bcrypt-pbkdf@^1.0.0:
  version "1.0.1"
  resolved "https://registry.yarnpkg.com/bcrypt-pbkdf/-/bcrypt-pbkdf-1.0.1.tgz#63bc5dcb61331b92bc05fd528953c33462a06f8d"
  dependencies:
    tweetnacl "^0.14.3"

bignumber.js@~1.1.1:
  version "1.1.1"
  resolved "https://registry.yarnpkg.com/bignumber.js/-/bignumber.js-1.1.1.tgz#1a415d9ac014c13256af1feed9d1a3e5717a8cf7"

bluebird@^3.5.0:
  version "3.5.1"
  resolved "https://registry.yarnpkg.com/bluebird/-/bluebird-3.5.1.tgz#d9551f9de98f1fcda1e683d17ee91a0602ee2eb9"

body-parser@1.18.2:
  version "1.18.2"
  resolved "https://registry.yarnpkg.com/body-parser/-/body-parser-1.18.2.tgz#87678a19d84b47d859b83199bd59bce222b10454"
  dependencies:
    bytes "3.0.0"
    content-type "~1.0.4"
    debug "2.6.9"
    depd "~1.1.1"
    http-errors "~1.6.2"
    iconv-lite "0.4.19"
    on-finished "~2.3.0"
    qs "6.5.1"
    raw-body "2.3.2"
    type-is "~1.6.15"

boom@2.x.x:
  version "2.10.1"
  resolved "https://registry.yarnpkg.com/boom/-/boom-2.10.1.tgz#39c8918ceff5799f83f9492a848f625add0c766f"
  dependencies:
    hoek "2.x.x"

boom@4.x.x:
  version "4.3.1"
  resolved "https://registry.yarnpkg.com/boom/-/boom-4.3.1.tgz#4f8a3005cb4a7e3889f749030fd25b96e01d2e31"
  dependencies:
    hoek "4.x.x"

boom@5.x.x:
  version "5.2.0"
  resolved "https://registry.yarnpkg.com/boom/-/boom-5.2.0.tgz#5dd9da6ee3a5f302077436290cb717d3f4a54e02"
  dependencies:
    hoek "4.x.x"

bowser@^1.7.3:
  version "1.8.0"
  resolved "https://registry.yarnpkg.com/bowser/-/bowser-1.8.0.tgz#889d46ac922ec5db8297672747362ef836781ba7"

buffer-from@^0.1.1:
  version "0.1.1"
  resolved "https://registry.yarnpkg.com/buffer-from/-/buffer-from-0.1.1.tgz#57b18b1da0a19ec06f33837a5275a242351bd75e"
  dependencies:
    is-array-buffer-x "^1.0.13"

bytes@3.0.0:
  version "3.0.0"
  resolved "https://registry.yarnpkg.com/bytes/-/bytes-3.0.0.tgz#d32815404d689699f85a4ea4fa8755dd13a96048"

cached-constructors-x@^1.0.0:
  version "1.0.0"
  resolved "https://registry.yarnpkg.com/cached-constructors-x/-/cached-constructors-x-1.0.0.tgz#c421e3892a4b6f7794434bdcffd1299b330c181b"

caseless@~0.12.0:
  version "0.12.0"
  resolved "https://registry.yarnpkg.com/caseless/-/caseless-0.12.0.tgz#1b681c21ff84033c826543090689420d187151dc"

chain-function@^1.0.0:
  version "1.0.0"
  resolved "https://registry.yarnpkg.com/chain-function/-/chain-function-1.0.0.tgz#0d4ab37e7e18ead0bdc47b920764118ce58733dc"

chalk@0.5.1:
  version "0.5.1"
  resolved "https://registry.yarnpkg.com/chalk/-/chalk-0.5.1.tgz#663b3a648b68b55d04690d49167aa837858f2174"
  dependencies:
    ansi-styles "^1.1.0"
    escape-string-regexp "^1.0.0"
    has-ansi "^0.1.0"
    strip-ansi "^0.3.0"
    supports-color "^0.2.0"

co@^4.6.0:
  version "4.6.0"
  resolved "https://registry.yarnpkg.com/co/-/co-4.6.0.tgz#6ea6bdf3d853ae54ccb8e47bfa0bf3f9031fb184"

combined-stream@^1.0.5, combined-stream@~1.0.5:
  version "1.0.5"
  resolved "https://registry.yarnpkg.com/combined-stream/-/combined-stream-1.0.5.tgz#938370a57b4a51dea2c77c15d5c5fdf895164009"
  dependencies:
    delayed-stream "~1.0.0"

commander@2.6.0:
  version "2.6.0"
  resolved "https://registry.yarnpkg.com/commander/-/commander-2.6.0.tgz#9df7e52fb2a0cb0fb89058ee80c3104225f37e1d"

concurrently@^3.5.0:
  version "3.5.0"
  resolved "https://registry.yarnpkg.com/concurrently/-/concurrently-3.5.0.tgz#8cf1b7707a6916a78a4ff5b77bb04dec54b379b2"
  dependencies:
    chalk "0.5.1"
    commander "2.6.0"
    date-fns "^1.23.0"
    lodash "^4.5.1"
    rx "2.3.24"
    spawn-command "^0.0.2-1"
    supports-color "^3.2.3"
    tree-kill "^1.1.0"

content-disposition@0.5.2:
  version "0.5.2"
  resolved "https://registry.yarnpkg.com/content-disposition/-/content-disposition-0.5.2.tgz#0cf68bb9ddf5f2be7961c3a85178cb85dba78cb4"

content-type@~1.0.4:
  version "1.0.4"
  resolved "https://registry.yarnpkg.com/content-type/-/content-type-1.0.4.tgz#e138cc75e040c727b1966fe5e5f8c9aee256fe3b"

cookie-signature@1.0.6:
  version "1.0.6"
  resolved "https://registry.yarnpkg.com/cookie-signature/-/cookie-signature-1.0.6.tgz#e303a882b342cc3ee8ca513a79999734dab3ae2c"

cookie@0.3.1, cookie@~0.3.1:
  version "0.3.1"
  resolved "https://registry.yarnpkg.com/cookie/-/cookie-0.3.1.tgz#e7e0a1f9ef43b4c8ba925c5c5a96e806d16873bb"

core-js@^1.0.0:
  version "1.2.7"
  resolved "https://registry.yarnpkg.com/core-js/-/core-js-1.2.7.tgz#652294c14651db28fa93bd2d5ff2983a4f08c636"

core-util-is@1.0.2:
  version "1.0.2"
  resolved "https://registry.yarnpkg.com/core-util-is/-/core-util-is-1.0.2.tgz#b5fd54220aa2bc5ab57aab7140c940754503c1a7"

cryptiles@2.x.x:
  version "2.0.5"
  resolved "https://registry.yarnpkg.com/cryptiles/-/cryptiles-2.0.5.tgz#3bdfecdc608147c1c67202fa291e7dca59eaa3b8"
  dependencies:
    boom "2.x.x"

cryptiles@3.x.x:
  version "3.1.2"
  resolved "https://registry.yarnpkg.com/cryptiles/-/cryptiles-3.1.2.tgz#a89fbb220f5ce25ec56e8c4aa8a4fd7b5b0d29fe"
  dependencies:
    boom "5.x.x"

css-in-js-utils@^2.0.0:
  version "2.0.0"
  resolved "https://registry.yarnpkg.com/css-in-js-utils/-/css-in-js-utils-2.0.0.tgz#5af1dd70f4b06b331f48d22a3d86e0786c0b9435"
  dependencies:
    hyphenate-style-name "^1.0.2"

csv-stringify@~1.0.2:
  version "1.0.4"
  resolved "https://registry.yarnpkg.com/csv-stringify/-/csv-stringify-1.0.4.tgz#bc18bab9ad4cef3195fd257980b58b479c42d3e5"
  dependencies:
    lodash.get "^4.0.0"

dashdash@^1.12.0:
  version "1.14.1"
  resolved "https://registry.yarnpkg.com/dashdash/-/dashdash-1.14.1.tgz#853cfa0f7cbe2fed5de20326b8dd581035f6e2f0"
  dependencies:
    assert-plus "^1.0.0"

date-fns@^1.23.0:
  version "1.29.0"
  resolved "https://registry.yarnpkg.com/date-fns/-/date-fns-1.29.0.tgz#12e609cdcb935127311d04d33334e2960a2a54e6"

debug@2.6.9, debug@^2.2.0:
  version "2.6.9"
  resolved "https://registry.yarnpkg.com/debug/-/debug-2.6.9.tgz#5d128515df134ff327e90a4c93f4e077a536341f"
  dependencies:
    ms "2.0.0"

delayed-stream@~1.0.0:
  version "1.0.0"
  resolved "https://registry.yarnpkg.com/delayed-stream/-/delayed-stream-1.0.0.tgz#df3ae199acadfb7d440aaae0b29e2272b24ec619"

depd@1.1.1, depd@~1.1.1:
  version "1.1.1"
  resolved "https://registry.yarnpkg.com/depd/-/depd-1.1.1.tgz#5783b4e1c459f06fa5ca27f991f3d06e7a310359"

destroy@~1.0.4:
  version "1.0.4"
  resolved "https://registry.yarnpkg.com/destroy/-/destroy-1.0.4.tgz#978857442c44749e4206613e37946205826abd80"

dom-helpers@^3.2.0:
  version "3.2.1"
  resolved "https://registry.yarnpkg.com/dom-helpers/-/dom-helpers-3.2.1.tgz#3203e07fed217bd1f424b019735582fc37b2825a"

duplexer@~0.1.1:
  version "0.1.1"
  resolved "https://registry.yarnpkg.com/duplexer/-/duplexer-0.1.1.tgz#ace6ff808c1ce66b57d1ebf97977acb02334cfc1"

easy-css-transform-builder@^0.0.2:
  version "0.0.2"
  resolved "https://registry.yarnpkg.com/easy-css-transform-builder/-/easy-css-transform-builder-0.0.2.tgz#a541667a7919e17f67d82b11d3cb55fdd5433022"
  dependencies:
    invariant "^2.2.2"

ecc-jsbn@~0.1.1:
  version "0.1.1"
  resolved "https://registry.yarnpkg.com/ecc-jsbn/-/ecc-jsbn-0.1.1.tgz#0fc73a9ed5f0d53c38193398523ef7e543777505"
  dependencies:
    jsbn "~0.1.0"

ee-first@1.1.1:
  version "1.1.1"
  resolved "https://registry.yarnpkg.com/ee-first/-/ee-first-1.1.1.tgz#590c61156b0ae2f4f0255732a158b266bc56b21d"

element-resize-detector@^1.1.12:
  version "1.1.12"
  resolved "https://registry.yarnpkg.com/element-resize-detector/-/element-resize-detector-1.1.12.tgz#8b3fd6eedda17f9c00b360a0ea2df9927ae80ba2"
  dependencies:
    batch-processor "^1.0.0"

encodeurl@~1.0.1:
  version "1.0.1"
  resolved "https://registry.yarnpkg.com/encodeurl/-/encodeurl-1.0.1.tgz#79e3d58655346909fe6f0f45a5de68103b294d20"

encoding@^0.1.11:
  version "0.1.12"
  resolved "https://registry.yarnpkg.com/encoding/-/encoding-0.1.12.tgz#538b66f3ee62cd1ab51ec323829d1f9480c74beb"
  dependencies:
    iconv-lite "~0.4.13"

escape-html@~1.0.3:
  version "1.0.3"
  resolved "https://registry.yarnpkg.com/escape-html/-/escape-html-1.0.3.tgz#0258eae4d3d0c0974de1c169188ef0051d1d1988"

escape-string-regexp@^1.0.0:
  version "1.0.5"
  resolved "https://registry.yarnpkg.com/escape-string-regexp/-/escape-string-regexp-1.0.5.tgz#1b61c0562190a8dff6ae3bb2cf0200ca130b86d4"

etag@~1.8.1:
  version "1.8.1"
  resolved "https://registry.yarnpkg.com/etag/-/etag-1.8.1.tgz#41ae2eeb65efa62268aebfea83ac7d79299b0887"

ev-emitter@^1.0.0:
  version "1.1.1"
  resolved "https://registry.yarnpkg.com/ev-emitter/-/ev-emitter-1.1.1.tgz#8f18b0ce5c76a5d18017f71c0a795c65b9138f2a"

exenv@^1.2.1:
  version "1.2.2"
  resolved "https://registry.yarnpkg.com/exenv/-/exenv-1.2.2.tgz#2ae78e85d9894158670b03d47bec1f03bd91bb9d"

express@^4.16.2:
  version "4.16.2"
  resolved "https://registry.yarnpkg.com/express/-/express-4.16.2.tgz#e35c6dfe2d64b7dca0a5cd4f21781be3299e076c"
  dependencies:
    accepts "~1.3.4"
    array-flatten "1.1.1"
    body-parser "1.18.2"
    content-disposition "0.5.2"
    content-type "~1.0.4"
    cookie "0.3.1"
    cookie-signature "1.0.6"
    debug "2.6.9"
    depd "~1.1.1"
    encodeurl "~1.0.1"
    escape-html "~1.0.3"
    etag "~1.8.1"
    finalhandler "1.1.0"
    fresh "0.5.2"
    merge-descriptors "1.0.1"
    methods "~1.1.2"
    on-finished "~2.3.0"
    parseurl "~1.3.2"
    path-to-regexp "0.1.7"
    proxy-addr "~2.0.2"
    qs "6.5.1"
    range-parser "~1.2.0"
    safe-buffer "5.1.1"
    send "0.16.1"
    serve-static "1.13.1"
    setprototypeof "1.1.0"
    statuses "~1.3.1"
    type-is "~1.6.15"
    utils-merge "1.0.1"
    vary "~1.1.2"

extend@~3.0.0, extend@~3.0.1:
  version "3.0.1"
  resolved "https://registry.yarnpkg.com/extend/-/extend-3.0.1.tgz#a755ea7bc1adfcc5a31ce7e762dbaadc5e636444"

extsprintf@1.3.0, extsprintf@^1.2.0:
  version "1.3.0"
  resolved "https://registry.yarnpkg.com/extsprintf/-/extsprintf-1.3.0.tgz#96918440e3041a7a414f8c52e3c574eb3c3e1e05"

fast-deep-equal@^1.0.0:
  version "1.0.0"
  resolved "https://registry.yarnpkg.com/fast-deep-equal/-/fast-deep-equal-1.0.0.tgz#96256a3bc975595eb36d82e9929d060d893439ff"

fbjs@^0.8.16:
  version "0.8.16"
  resolved "https://registry.yarnpkg.com/fbjs/-/fbjs-0.8.16.tgz#5e67432f550dc41b572bf55847b8aca64e5337db"
  dependencies:
    core-js "^1.0.0"
    isomorphic-fetch "^2.1.1"
    loose-envify "^1.0.0"
    object-assign "^4.1.0"
    promise "^7.1.1"
    setimmediate "^1.0.5"
    ua-parser-js "^0.7.9"

finalhandler@1.1.0:
  version "1.1.0"
  resolved "https://registry.yarnpkg.com/finalhandler/-/finalhandler-1.1.0.tgz#ce0b6855b45853e791b2fcc680046d88253dd7f5"
  dependencies:
    debug "2.6.9"
    encodeurl "~1.0.1"
    escape-html "~1.0.3"
    on-finished "~2.3.0"
    parseurl "~1.3.2"
    statuses "~1.3.1"
    unpipe "~1.0.0"

forever-agent@~0.6.1:
  version "0.6.1"
  resolved "https://registry.yarnpkg.com/forever-agent/-/forever-agent-0.6.1.tgz#fbc71f0c41adeb37f96c577ad1ed42d8fdacca91"

form-data@~2.1.1:
  version "2.1.4"
  resolved "https://registry.yarnpkg.com/form-data/-/form-data-2.1.4.tgz#33c183acf193276ecaa98143a69e94bfee1750d1"
  dependencies:
    asynckit "^0.4.0"
    combined-stream "^1.0.5"
    mime-types "^2.1.12"

form-data@~2.3.1:
  version "2.3.1"
  resolved "https://registry.yarnpkg.com/form-data/-/form-data-2.3.1.tgz#6fb94fbd71885306d73d15cc497fe4cc4ecd44bf"
  dependencies:
    asynckit "^0.4.0"
    combined-stream "^1.0.5"
    mime-types "^2.1.12"

forwarded@~0.1.2:
  version "0.1.2"
  resolved "https://registry.yarnpkg.com/forwarded/-/forwarded-0.1.2.tgz#98c23dab1175657b8c0573e8ceccd91b0ff18c84"

fresh@0.5.2:
  version "0.5.2"
  resolved "https://registry.yarnpkg.com/fresh/-/fresh-0.5.2.tgz#3d8cadd90d976569fa835ab1f8e4b23a105605a7"

getpass@^0.1.1:
  version "0.1.7"
  resolved "https://registry.yarnpkg.com/getpass/-/getpass-0.1.7.tgz#5eff8e3e684d569ae4cb2b1282604e8ba62149fa"
  dependencies:
    assert-plus "^1.0.0"

har-schema@^1.0.5:
  version "1.0.5"
  resolved "https://registry.yarnpkg.com/har-schema/-/har-schema-1.0.5.tgz#d263135f43307c02c602afc8fe95970c0151369e"

har-schema@^2.0.0:
  version "2.0.0"
  resolved "https://registry.yarnpkg.com/har-schema/-/har-schema-2.0.0.tgz#a94c2224ebcac04782a0d9035521f24735b7ec92"

har-validator@~4.2.1:
  version "4.2.1"
  resolved "https://registry.yarnpkg.com/har-validator/-/har-validator-4.2.1.tgz#33481d0f1bbff600dd203d75812a6a5fba002e2a"
  dependencies:
    ajv "^4.9.1"
    har-schema "^1.0.5"

har-validator@~5.0.3:
  version "5.0.3"
  resolved "https://registry.yarnpkg.com/har-validator/-/har-validator-5.0.3.tgz#ba402c266194f15956ef15e0fcf242993f6a7dfd"
  dependencies:
    ajv "^5.1.0"
    har-schema "^2.0.0"

has-ansi@^0.1.0:
  version "0.1.0"
  resolved "https://registry.yarnpkg.com/has-ansi/-/has-ansi-0.1.0.tgz#84f265aae8c0e6a88a12d7022894b7568894c62e"
  dependencies:
    ansi-regex "^0.2.0"

has-flag@^1.0.0:
  version "1.0.0"
  resolved "https://registry.yarnpkg.com/has-flag/-/has-flag-1.0.0.tgz#9d9e793165ce017a00f00418c43f942a7b1d11fa"

has-own-property-x@^3.1.1:
  version "3.1.1"
  resolved "https://registry.yarnpkg.com/has-own-property-x/-/has-own-property-x-3.1.1.tgz#2156a8c7cb583b674afd051547ed30726396035f"
  dependencies:
    to-object-x "^1.4.1"
    to-property-key-x "^2.0.1"

has-symbol-support-x@^1.4.1:
  version "1.4.1"
  resolved "https://registry.yarnpkg.com/has-symbol-support-x/-/has-symbol-support-x-1.4.1.tgz#66ec2e377e0c7d7ccedb07a3a84d77510ff1bc4c"

has-to-string-tag-x@^1.4.1:
  version "1.4.1"
  resolved "https://registry.yarnpkg.com/has-to-string-tag-x/-/has-to-string-tag-x-1.4.1.tgz#a045ab383d7b4b2012a00148ab0aa5f290044d4d"
  dependencies:
    has-symbol-support-x "^1.4.1"

hawk@~3.1.3:
  version "3.1.3"
  resolved "https://registry.yarnpkg.com/hawk/-/hawk-3.1.3.tgz#078444bd7c1640b0fe540d2c9b73d59678e8e1c4"
  dependencies:
    boom "2.x.x"
    cryptiles "2.x.x"
    hoek "2.x.x"
    sntp "1.x.x"

hawk@~6.0.2:
  version "6.0.2"
  resolved "https://registry.yarnpkg.com/hawk/-/hawk-6.0.2.tgz#af4d914eb065f9b5ce4d9d11c1cb2126eecc3038"
  dependencies:
    boom "4.x.x"
    cryptiles "3.x.x"
    hoek "4.x.x"
    sntp "2.x.x"

hnp@0.0.1:
  version "0.0.1"
  resolved "https://registry.yarnpkg.com/hnp/-/hnp-0.0.1.tgz#d91489a5dfcdf41ce741584298a73066576a9286"

hoek@2.x.x:
  version "2.16.3"
  resolved "https://registry.yarnpkg.com/hoek/-/hoek-2.16.3.tgz#20bb7403d3cea398e91dc4710a8ff1b8274a25ed"

hoek@4.x.x:
  version "4.2.0"
  resolved "https://registry.yarnpkg.com/hoek/-/hoek-4.2.0.tgz#72d9d0754f7fe25ca2d01ad8f8f9a9449a89526d"

http-errors@1.6.2, http-errors@~1.6.2:
  version "1.6.2"
  resolved "https://registry.yarnpkg.com/http-errors/-/http-errors-1.6.2.tgz#0a002cc85707192a7e7946ceedc11155f60ec736"
  dependencies:
    depd "1.1.1"
    inherits "2.0.3"
    setprototypeof "1.0.3"
    statuses ">= 1.3.1 < 2"

http-signature@~1.1.0:
  version "1.1.1"
  resolved "https://registry.yarnpkg.com/http-signature/-/http-signature-1.1.1.tgz#df72e267066cd0ac67fb76adf8e134a8fbcf91bf"
  dependencies:
    assert-plus "^0.2.0"
    jsprim "^1.2.2"
    sshpk "^1.7.0"

http-signature@~1.2.0:
  version "1.2.0"
  resolved "https://registry.yarnpkg.com/http-signature/-/http-signature-1.2.0.tgz#9aecd925114772f3d95b65a60abb8f7c18fbace1"
  dependencies:
    assert-plus "^1.0.0"
    jsprim "^1.2.2"
    sshpk "^1.7.0"

httperror@~0.2.3:
  version "0.2.3"
  resolved "https://registry.yarnpkg.com/httperror/-/httperror-0.2.3.tgz#c96e0d66cbcf6e0e19d80e4727a95a09d75fe0b8"
  dependencies:
    hnp "0.0.1"

hyphenate-style-name@^1.0.2:
  version "1.0.2"
  resolved "https://registry.yarnpkg.com/hyphenate-style-name/-/hyphenate-style-name-1.0.2.tgz#31160a36930adaf1fc04c6074f7eb41465d4ec4b"

iconv-lite@0.4.19, iconv-lite@~0.4.13:
  version "0.4.19"
  resolved "https://registry.yarnpkg.com/iconv-lite/-/iconv-lite-0.4.19.tgz#f7468f60135f5e5dad3399c0a81be9a1603a082b"

imagesloaded@^4.1.1:
  version "4.1.3"
  resolved "https://registry.yarnpkg.com/imagesloaded/-/imagesloaded-4.1.3.tgz#94b82a069e532c9da112a4ea3960e58424a42be4"
  dependencies:
    ev-emitter "^1.0.0"

infinity-x@^1.0.0:
  version "1.0.0"
  resolved "https://registry.yarnpkg.com/infinity-x/-/infinity-x-1.0.0.tgz#cea2d75181d820961b0f72d78e7c4e06fdd55a07"

inherits@2.0.3:
  version "2.0.3"
  resolved "https://registry.yarnpkg.com/inherits/-/inherits-2.0.3.tgz#633c2c83e3da42a502f52466022480f4208261de"

inline-style-prefixer@^3.0.6:
  version "3.0.8"
  resolved "https://registry.yarnpkg.com/inline-style-prefixer/-/inline-style-prefixer-3.0.8.tgz#8551b8e5b4d573244e66a34b04f7d32076a2b534"
  dependencies:
    bowser "^1.7.3"
    css-in-js-utils "^2.0.0"

invariant@^2.2.2:
  version "2.2.2"
  resolved "https://registry.yarnpkg.com/invariant/-/invariant-2.2.2.tgz#9e1f56ac0acdb6bf303306f338be3b204ae60360"
  dependencies:
    loose-envify "^1.0.0"

ipaddr.js@1.5.2:
  version "1.5.2"
  resolved "https://registry.yarnpkg.com/ipaddr.js/-/ipaddr.js-1.5.2.tgz#d4b505bde9946987ccf0fc58d9010ff9607e3fa0"

is-array-buffer-x@^1.0.13:
  version "1.7.0"
  resolved "https://registry.yarnpkg.com/is-array-buffer-x/-/is-array-buffer-x-1.7.0.tgz#4b0b10427b64aa3437767adf4fc07702c59b2371"
  dependencies:
    attempt-x "^1.1.0"
    has-to-string-tag-x "^1.4.1"
    is-object-like-x "^1.5.1"
    object-get-own-property-descriptor-x "^3.2.0"
    to-string-tag-x "^1.4.1"

is-date-object@^1.0.1:
  version "1.0.1"
  resolved "https://registry.yarnpkg.com/is-date-object/-/is-date-object-1.0.1.tgz#9aa20eb6aeebbff77fbd33e74ca01b33581d3a16"

is-extendable@^1.0.0:
  version "1.0.1"
  resolved "https://registry.yarnpkg.com/is-extendable/-/is-extendable-1.0.1.tgz#a7470f9e426733d81bd81e1155264e3a3507cab4"
  dependencies:
    is-plain-object "^2.0.4"

is-falsey-x@^1.0.0, is-falsey-x@^1.0.1:
  version "1.0.1"
  resolved "https://registry.yarnpkg.com/is-falsey-x/-/is-falsey-x-1.0.1.tgz#c469951adc95b8b3fdbf90929b335a7de937d17f"
  dependencies:
    to-boolean-x "^1.0.1"

is-finite-x@^3.0.1:
  version "3.0.2"
  resolved "https://registry.yarnpkg.com/is-finite-x/-/is-finite-x-3.0.2.tgz#a6ec683cfb2bc1a918a1ff59d178edbcea54f7a6"
  dependencies:
    infinity-x "^1.0.0"
    is-nan-x "^1.0.1"

is-function-x@^3.1.1, is-function-x@^3.2.0:
  version "3.2.0"
  resolved "https://registry.yarnpkg.com/is-function-x/-/is-function-x-3.2.0.tgz#38f3fe92324d1770531a4bf9adf4cbf26b1c3103"
  dependencies:
    attempt-x "^1.1.1"
    has-to-string-tag-x "^1.4.1"
    is-falsey-x "^1.0.1"
    is-primitive "^2.0.0"
    normalize-space-x "^2.0.0"
    replace-comments-x "^2.0.0"
    to-boolean-x "^1.0.1"
    to-string-tag-x "^1.4.2"

is-index-x@^1.0.0:
  version "1.0.0"
  resolved "https://registry.yarnpkg.com/is-index-x/-/is-index-x-1.0.0.tgz#55f022f861dbc44a862bc8ea03f6c3666fa168fc"
  dependencies:
    math-clamp-x "^1.0.0"
    max-safe-integer "^1.0.1"
    safe-to-string-x "^2.0.1"
    to-integer-x "^2.0.1"
    to-number-x "^1.0.1"

is-nan-x@^1.0.1:
  version "1.0.1"
  resolved "https://registry.yarnpkg.com/is-nan-x/-/is-nan-x-1.0.1.tgz#de747ebcc8bddeb66f367c17caca7eba843855c0"

is-nil-x@^1.4.1:
  version "1.4.1"
  resolved "https://registry.yarnpkg.com/is-nil-x/-/is-nil-x-1.4.1.tgz#bd9e7b08b4cd732f9dcbde13d93291bb2ec2e248"
  dependencies:
    lodash.isnull "^3.0.0"
    validate.io-undefined "^1.0.3"

is-object-like-x@^1.5.1:
  version "1.5.1"
  resolved "https://registry.yarnpkg.com/is-object-like-x/-/is-object-like-x-1.5.1.tgz#11a7ad9fa2ec9b75185beb1d6fe6d0006d99ee94"
  dependencies:
    is-function-x "^3.1.1"
    is-primitive "^2.0.0"

is-plain-object@^2.0.4:
  version "2.0.4"
  resolved "https://registry.yarnpkg.com/is-plain-object/-/is-plain-object-2.0.4.tgz#2c163b3fafb1b606d9d17928f05c2a1c38e07677"
  dependencies:
    isobject "^3.0.1"

is-primitive@^2.0.0:
  version "2.0.0"
  resolved "https://registry.yarnpkg.com/is-primitive/-/is-primitive-2.0.0.tgz#207bab91638499c07b2adf240a41a87210034575"

is-stream@^1.0.1:
  version "1.1.0"
  resolved "https://registry.yarnpkg.com/is-stream/-/is-stream-1.1.0.tgz#12d4a3dd4e68e0b79ceb8dbc84173ae80d91ca44"

is-string@^1.0.4:
  version "1.0.4"
  resolved "https://registry.yarnpkg.com/is-string/-/is-string-1.0.4.tgz#cc3a9b69857d621e963725a24caeec873b826e64"

is-symbol@^1.0.1:
  version "1.0.1"
  resolved "https://registry.yarnpkg.com/is-symbol/-/is-symbol-1.0.1.tgz#3cc59f00025194b6ab2e38dbae6689256b660572"

is-typedarray@^1.0.0, is-typedarray@~1.0.0:
  version "1.0.0"
  resolved "https://registry.yarnpkg.com/is-typedarray/-/is-typedarray-1.0.0.tgz#e479c80858df0c1b11ddda6940f96011fcda4a9a"

isobject@^3.0.1:
  version "3.0.1"
  resolved "https://registry.yarnpkg.com/isobject/-/isobject-3.0.1.tgz#4e431e92b11a9731636aa1f9c8d1ccbcfdab78df"

isomorphic-fetch@^2.1.1:
  version "2.2.1"
  resolved "https://registry.yarnpkg.com/isomorphic-fetch/-/isomorphic-fetch-2.2.1.tgz#611ae1acf14f5e81f729507472819fe9733558a9"
  dependencies:
    node-fetch "^1.0.1"
    whatwg-fetch ">=0.10.0"

isstream@~0.1.2:
  version "0.1.2"
  resolved "https://registry.yarnpkg.com/isstream/-/isstream-0.1.2.tgz#47e63f7af55afa6f92e1500e690eb8b8529c099a"

js-tokens@^3.0.0:
  version "3.0.2"
  resolved "https://registry.yarnpkg.com/js-tokens/-/js-tokens-3.0.2.tgz#9866df395102130e38f7f996bceb65443209c25b"

jsbn@~0.1.0:
  version "0.1.1"
  resolved "https://registry.yarnpkg.com/jsbn/-/jsbn-0.1.1.tgz#a5e654c2e5a2deb5f201d96cefbca80c0ef2f513"

json-bigint@~0.1.4:
  version "0.1.4"
  resolved "https://registry.yarnpkg.com/json-bigint/-/json-bigint-0.1.4.tgz#b5d40b8a9009e92f157f7c079db097001830e01e"
  dependencies:
    bignumber.js "~1.1.1"

json-schema-traverse@^0.3.0:
  version "0.3.1"
  resolved "https://registry.yarnpkg.com/json-schema-traverse/-/json-schema-traverse-0.3.1.tgz#349a6d44c53a51de89b40805c5d5e59b417d3340"

json-schema@0.2.3:
  version "0.2.3"
  resolved "https://registry.yarnpkg.com/json-schema/-/json-schema-0.2.3.tgz#b480c892e59a2f05954ce727bd3f2a4e882f9e13"

json-stable-stringify@^1.0.1:
  version "1.0.1"
  resolved "https://registry.yarnpkg.com/json-stable-stringify/-/json-stable-stringify-1.0.1.tgz#9a759d39c5f2ff503fd5300646ed445f88c4f9af"
  dependencies:
    jsonify "~0.0.0"

json-stringify-safe@~5.0.1:
  version "5.0.1"
  resolved "https://registry.yarnpkg.com/json-stringify-safe/-/json-stringify-safe-5.0.1.tgz#1296a2d58fd45f19a0f6ce01d65701e2c735b6eb"

jsonify@~0.0.0:
  version "0.0.0"
  resolved "https://registry.yarnpkg.com/jsonify/-/jsonify-0.0.0.tgz#2c74b6ee41d93ca51b7b5aaee8f503631d252a73"

jsonparse@^1.1.0:
  version "1.3.1"
  resolved "https://registry.yarnpkg.com/jsonparse/-/jsonparse-1.3.1.tgz#3f4dae4a91fac315f71062f8521cc239f1366280"

jsprim@^1.2.2:
  version "1.4.1"
  resolved "https://registry.yarnpkg.com/jsprim/-/jsprim-1.4.1.tgz#313e66bc1e5cc06e438bc1b7499c2e5c56acb6a2"
  dependencies:
    assert-plus "1.0.0"
    extsprintf "1.3.0"
    json-schema "0.2.3"
    verror "1.10.0"

lodash.get@^4.0.0:
  version "4.4.2"
  resolved "https://registry.yarnpkg.com/lodash.get/-/lodash.get-4.4.2.tgz#2d177f652fa31e939b4438d5341499dfa3825e99"

lodash.isnull@^3.0.0:
  version "3.0.0"
  resolved "https://registry.yarnpkg.com/lodash.isnull/-/lodash.isnull-3.0.0.tgz#fafbe59ea1dca27eed786534039dd84c2e07c56e"

lodash@^4.14.0, lodash@^4.17.4, lodash@^4.5.1:
  version "4.17.4"
  resolved "https://registry.yarnpkg.com/lodash/-/lodash-4.17.4.tgz#78203a4d1c328ae1d86dca6460e369b57f4055ae"

loose-envify@^1.0.0, loose-envify@^1.3.1:
  version "1.3.1"
  resolved "https://registry.yarnpkg.com/loose-envify/-/loose-envify-1.3.1.tgz#d1a8ad33fa9ce0e713d65fdd0ac8b748d478c848"
  dependencies:
    js-tokens "^3.0.0"

math-clamp-x@^1.0.0:
  version "1.1.0"
  resolved "https://registry.yarnpkg.com/math-clamp-x/-/math-clamp-x-1.1.0.tgz#0ed0685a64e6179effe4ec2646f58a1fe695514c"
  dependencies:
    to-number-x "^1.1.0"

math-sign-x@^2.1.0:
  version "2.1.0"
  resolved "https://registry.yarnpkg.com/math-sign-x/-/math-sign-x-2.1.0.tgz#1be7ae9ed89b976e007d0ef36b28c5db6fef430c"
  dependencies:
    is-nan-x "^1.0.1"
    to-number-x "^1.1.0"

max-safe-integer@^1.0.1:
  version "1.0.1"
  resolved "https://registry.yarnpkg.com/max-safe-integer/-/max-safe-integer-1.0.1.tgz#f38060be2c563d8c02e6d48af39122fd83b6f410"

media-typer@0.3.0:
  version "0.3.0"
  resolved "https://registry.yarnpkg.com/media-typer/-/media-typer-0.3.0.tgz#8710d7af0aa626f8fffa1ce00168545263255748"

merge-descriptors@1.0.1:
  version "1.0.1"
  resolved "https://registry.yarnpkg.com/merge-descriptors/-/merge-descriptors-1.0.1.tgz#b00aaa556dd8b44568150ec9d1b953f3f90cbb61"

methods@~1.1.2:
  version "1.1.2"
  resolved "https://registry.yarnpkg.com/methods/-/methods-1.1.2.tgz#5529a4d67654134edcc5266656835b0f851afcee"

mime-db@~1.30.0:
  version "1.30.0"
  resolved "https://registry.yarnpkg.com/mime-db/-/mime-db-1.30.0.tgz#74c643da2dd9d6a45399963465b26d5ca7d71f01"

mime-types@^2.1.12, mime-types@~2.1.15, mime-types@~2.1.16, mime-types@~2.1.17, mime-types@~2.1.7:
  version "2.1.17"
  resolved "https://registry.yarnpkg.com/mime-types/-/mime-types-2.1.17.tgz#09d7a393f03e995a79f8af857b70a9e0ab16557a"
  dependencies:
    mime-db "~1.30.0"

mime@1.4.1:
  version "1.4.1"
  resolved "https://registry.yarnpkg.com/mime/-/mime-1.4.1.tgz#121f9ebc49e3766f311a76e1fa1c8003c4b03aa6"

ms@2.0.0:
  version "2.0.0"
  resolved "https://registry.yarnpkg.com/ms/-/ms-2.0.0.tgz#5608aeadfc00be6c2901df5f9861788de0d597c8"

nan-x@^1.0.0:
  version "1.0.0"
  resolved "https://registry.yarnpkg.com/nan-x/-/nan-x-1.0.0.tgz#0ee78e8d1cd0592d5b4260a5940154545c61c121"

nan@^2.3.3:
  version "2.7.0"
  resolved "https://registry.yarnpkg.com/nan/-/nan-2.7.0.tgz#d95bf721ec877e08db276ed3fc6eb78f9083ad46"

negotiator@0.6.1:
  version "0.6.1"
  resolved "https://registry.yarnpkg.com/negotiator/-/negotiator-0.6.1.tgz#2b327184e8992101177b28563fb5e7102acd0ca9"

node-fetch@^1.0.1:
  version "1.7.3"
  resolved "https://registry.yarnpkg.com/node-fetch/-/node-fetch-1.7.3.tgz#980f6f72d85211a5347c6b2bc18c5b84c3eb47ef"
  dependencies:
    encoding "^0.1.11"
    is-stream "^1.0.1"

normalize-space-x@^2.0.0:
  version "2.0.0"
  resolved "https://registry.yarnpkg.com/normalize-space-x/-/normalize-space-x-2.0.0.tgz#1f4663bde72675dc658a640fcbdb0d4fe7620c2e"
  dependencies:
    cached-constructors-x "^1.0.0"
    trim-x "^2.0.2"
    white-space-x "^2.0.3"

oauth-sign@~0.8.1, oauth-sign@~0.8.2:
  version "0.8.2"
  resolved "https://registry.yarnpkg.com/oauth-sign/-/oauth-sign-0.8.2.tgz#46a6ab7f0aead8deae9ec0565780b7d4efeb9d43"

object-assign@^4.1.0, object-assign@^4.1.1:
  version "4.1.1"
  resolved "https://registry.yarnpkg.com/object-assign/-/object-assign-4.1.1.tgz#2109adc7965887cfc05cbbd442cac8bfbb360863"

object-get-own-property-descriptor-x@^3.2.0:
  version "3.2.0"
  resolved "https://registry.yarnpkg.com/object-get-own-property-descriptor-x/-/object-get-own-property-descriptor-x-3.2.0.tgz#464585ad03e66108ed166c99325b8d2c5ba93712"
  dependencies:
    attempt-x "^1.1.0"
    has-own-property-x "^3.1.1"
    has-symbol-support-x "^1.4.1"
    is-falsey-x "^1.0.0"
    is-index-x "^1.0.0"
    is-primitive "^2.0.0"
    is-string "^1.0.4"
    property-is-enumerable-x "^1.1.0"
    to-object-x "^1.4.1"
    to-property-key-x "^2.0.1"

object.omit@~3.0.0:
  version "3.0.0"
  resolved "https://registry.yarnpkg.com/object.omit/-/object.omit-3.0.0.tgz#0e3edc2fce2ba54df5577ff529f6d97bd8a522af"
  dependencies:
    is-extendable "^1.0.0"

object.pick@~1.3.0:
  version "1.3.0"
  resolved "https://registry.yarnpkg.com/object.pick/-/object.pick-1.3.0.tgz#87a10ac4c1694bd2e1cbf53591a66141fb5dd747"
  dependencies:
    isobject "^3.0.1"

on-finished@~2.3.0:
  version "2.3.0"
  resolved "https://registry.yarnpkg.com/on-finished/-/on-finished-2.3.0.tgz#20f1336481b083cd75337992a16971aa2d906947"
  dependencies:
    ee-first "1.1.1"

parse-int-x@^1.1.0:
  version "1.1.0"
  resolved "https://registry.yarnpkg.com/parse-int-x/-/parse-int-x-1.1.0.tgz#ae1e1a412cb2b257ce47639d0714bea80565f6d5"
  dependencies:
    cached-constructors-x "^1.0.0"
    to-string-x "^1.4.2"
    trim-x "^2.0.2"
    white-space-x "^2.0.3"

parseurl@~1.3.2:
  version "1.3.2"
  resolved "https://registry.yarnpkg.com/parseurl/-/parseurl-1.3.2.tgz#fc289d4ed8993119460c156253262cdc8de65bf3"

path-to-regexp@0.1.7:
  version "0.1.7"
  resolved "https://registry.yarnpkg.com/path-to-regexp/-/path-to-regexp-0.1.7.tgz#df604178005f522f15eb4490e7247a1bfaa67f8c"

performance-now@^0.2.0:
  version "0.2.0"
  resolved "https://registry.yarnpkg.com/performance-now/-/performance-now-0.2.0.tgz#33ef30c5c77d4ea21c5a53869d91b56d8f2555e5"

performance-now@^2.1.0:
  version "2.1.0"
  resolved "https://registry.yarnpkg.com/performance-now/-/performance-now-2.1.0.tgz#6309f4e0e5fa913ec1c69307ae364b4b377c9e7b"

promise@^7.1.1:
  version "7.3.1"
  resolved "https://registry.yarnpkg.com/promise/-/promise-7.3.1.tgz#064b72602b18f90f29192b8b1bc418ffd1ebd3bf"
  dependencies:
    asap "~2.0.3"

prop-types@^15.5.10, prop-types@^15.5.6:
  version "15.6.0"
  resolved "https://registry.yarnpkg.com/prop-types/-/prop-types-15.6.0.tgz#ceaf083022fc46b4a35f69e13ef75aed0d639856"
  dependencies:
    fbjs "^0.8.16"
    loose-envify "^1.3.1"
    object-assign "^4.1.1"

property-is-enumerable-x@^1.1.0:
  version "1.1.0"
  resolved "https://registry.yarnpkg.com/property-is-enumerable-x/-/property-is-enumerable-x-1.1.0.tgz#7ca48917476cd0914b37809bfd05776a0d942f6f"
  dependencies:
    to-object-x "^1.4.1"
    to-property-key-x "^2.0.1"

proxy-addr@~2.0.2:
  version "2.0.2"
  resolved "https://registry.yarnpkg.com/proxy-addr/-/proxy-addr-2.0.2.tgz#6571504f47bb988ec8180253f85dd7e14952bdec"
  dependencies:
    forwarded "~0.1.2"
    ipaddr.js "1.5.2"

punycode@^1.4.1:
  version "1.4.1"
  resolved "https://registry.yarnpkg.com/punycode/-/punycode-1.4.1.tgz#c0d5a63b2718800ad8e1eb0fa5269c84dd41845e"

qs@6.5.1, qs@~6.5.1:
  version "6.5.1"
  resolved "https://registry.yarnpkg.com/qs/-/qs-6.5.1.tgz#349cdf6eef89ec45c12d7d5eb3fc0c870343a6d8"

qs@~6.4.0:
  version "6.4.0"
  resolved "https://registry.yarnpkg.com/qs/-/qs-6.4.0.tgz#13e26d28ad6b0ffaa91312cd3bf708ed351e7233"

range-parser@~1.2.0:
  version "1.2.0"
  resolved "https://registry.yarnpkg.com/range-parser/-/range-parser-1.2.0.tgz#f49be6b487894ddc40dcc94a322f611092e00d5e"

raw-body@2.3.2:
  version "2.3.2"
  resolved "https://registry.yarnpkg.com/raw-body/-/raw-body-2.3.2.tgz#bcd60c77d3eb93cde0050295c3f379389bc88f89"
  dependencies:
    bytes "3.0.0"
    http-errors "1.6.2"
    iconv-lite "0.4.19"
    unpipe "1.0.0"

react-sizeme@^2.2.0:
  version "2.3.6"
  resolved "https://registry.yarnpkg.com/react-sizeme/-/react-sizeme-2.3.6.tgz#d60ea2634acc3fd827a3c7738d41eea0992fa678"
  dependencies:
    element-resize-detector "^1.1.12"
    invariant "^2.2.2"
    lodash "^4.17.4"

react-stack-grid@^0.5.0:
  version "0.5.0"
  resolved "https://registry.yarnpkg.com/react-stack-grid/-/react-stack-grid-0.5.0.tgz#7b30341163ef937edce4a5a1c7962a429f7e2818"
  dependencies:
    easy-css-transform-builder "^0.0.2"
    exenv "^1.2.1"
    imagesloaded "^4.1.1"
    inline-style-prefixer "^3.0.6"
    invariant "^2.2.2"
    prop-types "^15.5.10"
    react-sizeme "^2.2.0"
    react-transition-group "^1.2.0"
    shallowequal "^1.0.1"

react-transition-group@^1.2.0:
  version "1.2.1"
  resolved "https://registry.yarnpkg.com/react-transition-group/-/react-transition-group-1.2.1.tgz#e11f72b257f921b213229a774df46612346c7ca6"
  dependencies:
    chain-function "^1.0.0"
    dom-helpers "^3.2.0"
    loose-envify "^1.3.1"
    prop-types "^15.5.6"
    warning "^3.0.0"

replace-comments-x@^2.0.0:
  version "2.0.0"
  resolved "https://registry.yarnpkg.com/replace-comments-x/-/replace-comments-x-2.0.0.tgz#a5cec18efd912aad78a7c3c4b69d01768556d140"
  dependencies:
    require-coercible-to-string-x "^1.0.0"
    to-string-x "^1.4.2"

request@~2.81.0:
  version "2.81.0"
  resolved "https://registry.yarnpkg.com/request/-/request-2.81.0.tgz#c6928946a0e06c5f8d6f8a9333469ffda46298a0"
  dependencies:
    aws-sign2 "~0.6.0"
    aws4 "^1.2.1"
    caseless "~0.12.0"
    combined-stream "~1.0.5"
    extend "~3.0.0"
    forever-agent "~0.6.1"
    form-data "~2.1.1"
    har-validator "~4.2.1"
    hawk "~3.1.3"
    http-signature "~1.1.0"
    is-typedarray "~1.0.0"
    isstream "~0.1.2"
    json-stringify-safe "~5.0.1"
    mime-types "~2.1.7"
    oauth-sign "~0.8.1"
    performance-now "^0.2.0"
    qs "~6.4.0"
    safe-buffer "^5.0.1"
    stringstream "~0.0.4"
    tough-cookie "~2.3.0"
    tunnel-agent "^0.6.0"
    uuid "^3.0.0"

request@~2.83.0:
  version "2.83.0"
  resolved "https://registry.yarnpkg.com/request/-/request-2.83.0.tgz#ca0b65da02ed62935887808e6f510381034e3356"
  dependencies:
    aws-sign2 "~0.7.0"
    aws4 "^1.6.0"
    caseless "~0.12.0"
    combined-stream "~1.0.5"
    extend "~3.0.1"
    forever-agent "~0.6.1"
    form-data "~2.3.1"
    har-validator "~5.0.3"
    hawk "~6.0.2"
    http-signature "~1.2.0"
    is-typedarray "~1.0.0"
    isstream "~0.1.2"
    json-stringify-safe "~5.0.1"
    mime-types "~2.1.17"
    oauth-sign "~0.8.2"
    performance-now "^2.1.0"
    qs "~6.5.1"
    safe-buffer "^5.1.1"
    stringstream "~0.0.5"
    tough-cookie "~2.3.3"
    tunnel-agent "^0.6.0"
    uuid "^3.1.0"

require-coercible-to-string-x@^1.0.0:
  version "1.0.0"
  resolved "https://registry.yarnpkg.com/require-coercible-to-string-x/-/require-coercible-to-string-x-1.0.0.tgz#367b3e9ca67e00324c411b0b498453a74cd5569e"
  dependencies:
    require-object-coercible-x "^1.4.1"
    to-string-x "^1.4.2"

require-object-coercible-x@^1.4.1:
  version "1.4.1"
  resolved "https://registry.yarnpkg.com/require-object-coercible-x/-/require-object-coercible-x-1.4.1.tgz#75b9fb5bda2d15cf705a5714f108e8b40ca3eb2e"
  dependencies:
    is-nil-x "^1.4.1"

rx@2.3.24:
  version "2.3.24"
  resolved "https://registry.yarnpkg.com/rx/-/rx-2.3.24.tgz#14f950a4217d7e35daa71bbcbe58eff68ea4b2b7"

safe-buffer@5.1.1, safe-buffer@^5.0.1, safe-buffer@^5.1.1:
  version "5.1.1"
  resolved "https://registry.yarnpkg.com/safe-buffer/-/safe-buffer-5.1.1.tgz#893312af69b2123def71f57889001671eeb2c853"

safe-to-string-x@^2.0.1:
  version "2.0.3"
  resolved "https://registry.yarnpkg.com/safe-to-string-x/-/safe-to-string-x-2.0.3.tgz#c4c5242c854a6727e3f09df7a62b5b2522545b86"
  dependencies:
    to-string-symbols-supported-x "^1.0.0"

send@0.16.1:
  version "0.16.1"
  resolved "https://registry.yarnpkg.com/send/-/send-0.16.1.tgz#a70e1ca21d1382c11d0d9f6231deb281080d7ab3"
  dependencies:
    debug "2.6.9"
    depd "~1.1.1"
    destroy "~1.0.4"
    encodeurl "~1.0.1"
    escape-html "~1.0.3"
    etag "~1.8.1"
    fresh "0.5.2"
    http-errors "~1.6.2"
    mime "1.4.1"
    ms "2.0.0"
    on-finished "~2.3.0"
    range-parser "~1.2.0"
    statuses "~1.3.1"

serve-static@1.13.1:
  version "1.13.1"
  resolved "https://registry.yarnpkg.com/serve-static/-/serve-static-1.13.1.tgz#4c57d53404a761d8f2e7c1e8a18a47dbf278a719"
  dependencies:
    encodeurl "~1.0.1"
    escape-html "~1.0.3"
    parseurl "~1.3.2"
    send "0.16.1"

setimmediate@^1.0.5:
  version "1.0.5"
  resolved "https://registry.yarnpkg.com/setimmediate/-/setimmediate-1.0.5.tgz#290cbb232e306942d7d7ea9b83732ab7856f8285"

setprototypeof@1.0.3:
  version "1.0.3"
  resolved "https://registry.yarnpkg.com/setprototypeof/-/setprototypeof-1.0.3.tgz#66567e37043eeb4f04d91bd658c0cbefb55b8e04"

setprototypeof@1.1.0:
  version "1.1.0"
  resolved "https://registry.yarnpkg.com/setprototypeof/-/setprototypeof-1.1.0.tgz#d0bd85536887b6fe7c0d818cb962d9d91c54e656"

shallowequal@^1.0.1:
  version "1.0.2"
  resolved "https://registry.yarnpkg.com/shallowequal/-/shallowequal-1.0.2.tgz#1561dbdefb8c01408100319085764da3fcf83f8f"

sntp@1.x.x:
  version "1.0.9"
  resolved "https://registry.yarnpkg.com/sntp/-/sntp-1.0.9.tgz#6541184cc90aeea6c6e7b35e2659082443c66198"
  dependencies:
    hoek "2.x.x"

sntp@2.x.x:
  version "2.0.2"
  resolved "https://registry.yarnpkg.com/sntp/-/sntp-2.0.2.tgz#5064110f0af85f7cfdb7d6b67a40028ce52b4b2b"
  dependencies:
    hoek "4.x.x"

solr-client@^0.7.0:
  version "0.7.0"
  resolved "https://registry.yarnpkg.com/solr-client/-/solr-client-0.7.0.tgz#b80fcca6c877683d5718b75a177264f12207b7b8"
  dependencies:
    JSONStream "~1.0.6"
    bluebird "^3.5.0"
    duplexer "~0.1.1"
    httperror "~0.2.3"
    json-bigint "~0.1.4"
    request "~2.81.0"

spawn-command@^0.0.2-1:
  version "0.0.2"
  resolved "https://registry.yarnpkg.com/spawn-command/-/spawn-command-0.0.2.tgz#9544e1a43ca045f8531aac1a48cb29bdae62338e"

sshpk@^1.7.0:
  version "1.13.1"
  resolved "https://registry.yarnpkg.com/sshpk/-/sshpk-1.13.1.tgz#512df6da6287144316dc4c18fe1cf1d940739be3"
  dependencies:
    asn1 "~0.2.3"
    assert-plus "^1.0.0"
    dashdash "^1.12.0"
    getpass "^0.1.1"
  optionalDependencies:
    bcrypt-pbkdf "^1.0.0"
    ecc-jsbn "~0.1.1"
    jsbn "~0.1.0"
    tweetnacl "~0.14.0"

"statuses@>= 1.3.1 < 2", statuses@~1.3.1:
  version "1.3.1"
  resolved "https://registry.yarnpkg.com/statuses/-/statuses-1.3.1.tgz#faf51b9eb74aaef3b3acf4ad5f61abf24cb7b93e"

stringstream@~0.0.4, stringstream@~0.0.5:
  version "0.0.5"
  resolved "https://registry.yarnpkg.com/stringstream/-/stringstream-0.0.5.tgz#4e484cd4de5a0bbbee18e46307710a8a81621878"

strip-ansi@^0.3.0:
  version "0.3.0"
  resolved "https://registry.yarnpkg.com/strip-ansi/-/strip-ansi-0.3.0.tgz#25f48ea22ca79187f3174a4db8759347bb126220"
  dependencies:
    ansi-regex "^0.2.1"

supports-color@^0.2.0:
  version "0.2.0"
  resolved "https://registry.yarnpkg.com/supports-color/-/supports-color-0.2.0.tgz#d92de2694eb3f67323973d7ae3d8b55b4c22190a"

supports-color@^3.2.3:
  version "3.2.3"
  resolved "https://registry.yarnpkg.com/supports-color/-/supports-color-3.2.3.tgz#65ac0504b3954171d8a64946b2ae3cbb8a5f54f6"
  dependencies:
    has-flag "^1.0.0"

"through@>=2.2.7 <3":
  version "2.3.8"
  resolved "https://registry.yarnpkg.com/through/-/through-2.3.8.tgz#0dd4c9ffaabc357960b1b724115d7e0e86a2e1f5"

to-boolean-x@^1.0.1:
  version "1.0.1"
  resolved "https://registry.yarnpkg.com/to-boolean-x/-/to-boolean-x-1.0.1.tgz#724128dacc5bea75a93ad471be7ee9277561b2c1"

to-integer-x@^2.0.1:
  version "2.1.0"
  resolved "https://registry.yarnpkg.com/to-integer-x/-/to-integer-x-2.1.0.tgz#59ea231e23e0e934e2a8944d4555e8616e87d8c5"
  dependencies:
    is-finite-x "^3.0.1"
    is-nan-x "^1.0.1"
    math-sign-x "^2.1.0"
    to-number-x "^1.1.0"

to-number-x@^1.0.1, to-number-x@^1.1.0:
  version "1.2.0"
  resolved "https://registry.yarnpkg.com/to-number-x/-/to-number-x-1.2.0.tgz#c96cae954d0e92f01455b444dd7989e0211ec679"
  dependencies:
    cached-constructors-x "^1.0.0"
    nan-x "^1.0.0"
    parse-int-x "^1.1.0"
    to-primitive-x "^1.1.0"
    trim-x "^2.0.2"

to-object-x@^1.4.1:
  version "1.5.0"
  resolved "https://registry.yarnpkg.com/to-object-x/-/to-object-x-1.5.0.tgz#bd69dd4e104d77acc0cc0d84f5ac48f630aebe3c"
  dependencies:
    cached-constructors-x "^1.0.0"
    require-object-coercible-x "^1.4.1"

to-primitive-x@^1.1.0:
  version "1.1.0"
  resolved "https://registry.yarnpkg.com/to-primitive-x/-/to-primitive-x-1.1.0.tgz#41ce2c13e3e246e0e5d0a8829a0567c6015833f8"
  dependencies:
    has-symbol-support-x "^1.4.1"
    is-date-object "^1.0.1"
    is-function-x "^3.2.0"
    is-nil-x "^1.4.1"
    is-primitive "^2.0.0"
    is-symbol "^1.0.1"
    require-object-coercible-x "^1.4.1"
    validate.io-undefined "^1.0.3"

to-property-key-x@^2.0.1:
  version "2.0.2"
  resolved "https://registry.yarnpkg.com/to-property-key-x/-/to-property-key-x-2.0.2.tgz#b19aa8e22faa0ff7d1c102cfbc657af73413cfa1"
  dependencies:
    has-symbol-support-x "^1.4.1"
    to-primitive-x "^1.1.0"
    to-string-x "^1.4.2"

to-string-symbols-supported-x@^1.0.0:
  version "1.0.0"
  resolved "https://registry.yarnpkg.com/to-string-symbols-supported-x/-/to-string-symbols-supported-x-1.0.0.tgz#d435eb72312fe885b18047a96d59c75641476872"
  dependencies:
    cached-constructors-x "^1.0.0"
    has-symbol-support-x "^1.4.1"
    is-symbol "^1.0.1"

to-string-tag-x@^1.4.1, to-string-tag-x@^1.4.2:
  version "1.4.2"
  resolved "https://registry.yarnpkg.com/to-string-tag-x/-/to-string-tag-x-1.4.2.tgz#916a0c72d2f93dc27fccfe0ea0ce26cd78be21de"
  dependencies:
    lodash.isnull "^3.0.0"
    validate.io-undefined "^1.0.3"

to-string-x@^1.4.2:
  version "1.4.2"
  resolved "https://registry.yarnpkg.com/to-string-x/-/to-string-x-1.4.2.tgz#7d9a2528e159a9214e668137c1e10a045abe6279"
  dependencies:
    is-symbol "^1.0.1"

tough-cookie@~2.3.0, tough-cookie@~2.3.3:
  version "2.3.3"
  resolved "https://registry.yarnpkg.com/tough-cookie/-/tough-cookie-2.3.3.tgz#0b618a5565b6dea90bf3425d04d55edc475a7561"
  dependencies:
    punycode "^1.4.1"

tree-kill@^1.1.0:
  version "1.2.0"
  resolved "https://registry.yarnpkg.com/tree-kill/-/tree-kill-1.2.0.tgz#5846786237b4239014f05db156b643212d4c6f36"

trim-left-x@^2.0.1:
  version "2.0.1"
  resolved "https://registry.yarnpkg.com/trim-left-x/-/trim-left-x-2.0.1.tgz#92b071ff6ae9aa8026c21aefca2a9f0a7f8d48c6"
  dependencies:
    cached-constructors-x "^1.0.0"
    require-coercible-to-string-x "^1.0.0"
    white-space-x "^2.0.3"

trim-right-x@^2.0.1:
  version "2.0.1"
  resolved "https://registry.yarnpkg.com/trim-right-x/-/trim-right-x-2.0.1.tgz#17539a4725b5e6aedad43d72ebb5110925e7b5e0"
  dependencies:
    cached-constructors-x "^1.0.0"
    require-coercible-to-string-x "^1.0.0"
    white-space-x "^2.0.3"

trim-x@^2.0.2:
  version "2.0.2"
  resolved "https://registry.yarnpkg.com/trim-x/-/trim-x-2.0.2.tgz#d48cb65904c3aa94fc2ddf64e307693e4186eaf3"
  dependencies:
    trim-left-x "^2.0.1"
    trim-right-x "^2.0.1"

tunnel-agent@^0.6.0:
  version "0.6.0"
  resolved "https://registry.yarnpkg.com/tunnel-agent/-/tunnel-agent-0.6.0.tgz#27a5dea06b36b04a0a9966774b290868f0fc40fd"
  dependencies:
    safe-buffer "^5.0.1"

tweetnacl@^0.14.3, tweetnacl@~0.14.0:
  version "0.14.5"
  resolved "https://registry.yarnpkg.com/tweetnacl/-/tweetnacl-0.14.5.tgz#5ae68177f192d4456269d108afa93ff8743f4f64"

type-is@~1.6.15:
  version "1.6.15"
  resolved "https://registry.yarnpkg.com/type-is/-/type-is-1.6.15.tgz#cab10fb4909e441c82842eafe1ad646c81804410"
  dependencies:
    media-typer "0.3.0"
    mime-types "~2.1.15"

typedarray-to-buffer@^3.1.2:
  version "3.1.2"
  resolved "https://registry.yarnpkg.com/typedarray-to-buffer/-/typedarray-to-buffer-3.1.2.tgz#1017b32d984ff556eba100f501589aba1ace2e04"
  dependencies:
    is-typedarray "^1.0.0"

ua-parser-js@^0.7.9:
  version "0.7.17"
  resolved "https://registry.yarnpkg.com/ua-parser-js/-/ua-parser-js-0.7.17.tgz#e9ec5f9498b9ec910e7ae3ac626a805c4d09ecac"

unpipe@1.0.0, unpipe@~1.0.0:
  version "1.0.0"
  resolved "https://registry.yarnpkg.com/unpipe/-/unpipe-1.0.0.tgz#b2bf4ee8514aae6165b4817829d21b2ef49904ec"

utils-merge@1.0.1:
  version "1.0.1"
  resolved "https://registry.yarnpkg.com/utils-merge/-/utils-merge-1.0.1.tgz#9f95710f50a267947b2ccc124741c1028427e713"

uuid@^3.0.0, uuid@^3.1.0:
  version "3.1.0"
  resolved "https://registry.yarnpkg.com/uuid/-/uuid-3.1.0.tgz#3dd3d3e790abc24d7b0d3a034ffababe28ebbc04"

validate.io-undefined@^1.0.3:
  version "1.0.3"
  resolved "https://registry.yarnpkg.com/validate.io-undefined/-/validate.io-undefined-1.0.3.tgz#7e27fcbb315b841e78243431897671929e20b7f4"

vary@~1.1.2:
  version "1.1.2"
  resolved "https://registry.yarnpkg.com/vary/-/vary-1.1.2.tgz#2299f02c6ded30d4a5961b0b9f74524a18f634fc"

vcap_services@~0.3.0:
  version "0.3.4"
  resolved "https://registry.yarnpkg.com/vcap_services/-/vcap_services-0.3.4.tgz#154bf940402512acca23df2263fc60ef66845ada"

verror@1.10.0:
  version "1.10.0"
  resolved "https://registry.yarnpkg.com/verror/-/verror-1.10.0.tgz#3a105ca17053af55d6e270c1f8288682e18da400"
  dependencies:
    assert-plus "^1.0.0"
    core-util-is "1.0.2"
    extsprintf "^1.2.0"

warning@^3.0.0:
  version "3.0.0"
  resolved "https://registry.yarnpkg.com/warning/-/warning-3.0.0.tgz#32e5377cb572de4ab04753bdf8821c01ed605b7c"
  dependencies:
    loose-envify "^1.0.0"

watson-developer-cloud@^2.41.1:
  version "2.41.1"
  resolved "https://registry.yarnpkg.com/watson-developer-cloud/-/watson-developer-cloud-2.41.1.tgz#f6e08547d2b4a40138132461ede178d964f4437b"
  dependencies:
    async "^2.5.0"
    buffer-from "^0.1.1"
    cookie "~0.3.1"
    csv-stringify "~1.0.2"
    extend "~3.0.0"
    isstream "~0.1.2"
    object.omit "~3.0.0"
    object.pick "~1.3.0"
    request "~2.83.0"
    solr-client "^0.7.0"
    vcap_services "~0.3.0"
    websocket "~1.0.22"

websocket@~1.0.22:
  version "1.0.24"
  resolved "https://registry.yarnpkg.com/websocket/-/websocket-1.0.24.tgz#74903e75f2545b6b2e1de1425bc1c905917a1890"
  dependencies:
    debug "^2.2.0"
    nan "^2.3.3"
    typedarray-to-buffer "^3.1.2"
    yaeti "^0.0.6"

whatwg-fetch@>=0.10.0:
  version "2.0.3"
  resolved "https://registry.yarnpkg.com/whatwg-fetch/-/whatwg-fetch-2.0.3.tgz#9c84ec2dcf68187ff00bc64e1274b442176e1c84"

white-space-x@^2.0.3:
  version "2.0.3"
  resolved "https://registry.yarnpkg.com/white-space-x/-/white-space-x-2.0.3.tgz#d8af2a54e2e16f78abe5ff1811d5e9d4190c60d6"

yaeti@^0.0.6:
  version "0.0.6"
  resolved "https://registry.yarnpkg.com/yaeti/-/yaeti-0.0.6.tgz#f26f484d72684cf42bedfb76970aa1608fbf9577"
